
Microsoft Visual Studio Solution File, Format Version 12.00
# Visual Studio Version 17
VisualStudioVersion = 17.2.32526.322
MinimumVisualStudioVersion = 10.0.40219.1
Project("{9A19103F-16F7-4668-BE54-9A1E7A4F7556}") = "WebAppLearning", "WebAppLearning\WebAppLearning.csproj", "{F42DD6D7-F4B0-4627-B999-D72FDCBB3660}"
EndProject
Project("{9A19103F-16F7-4668-BE54-9A1E7A4F7556}") = "MvcStudent", "MvcStudent\MvcStudent.csproj", "{5B317E38-54C2-44E4-AE45-BE803E3B1837}"
EndProject
Project("{FAE04EC0-301F-11D3-BF4B-00C04F79EFBC}") = "WebApiTest", "WebApiTest\WebApiTest.csproj", "{0AD0FD4C-3DAF-4CD4-8444-28E9BF4B9EBB}"
EndProject
Global
	GlobalSection(SolutionConfigurationPlatforms) = preSolution
		Debug|Any CPU = Debug|Any CPU
		Release|Any CPU = Release|Any CPU
	EndGlobalSection
	GlobalSection(ProjectConfigurationPlatforms) = postSolution
		{F42DD6D7-F4B0-4627-B999-D72FDCBB3660}.Debug|Any CPU.ActiveCfg = Debug|Any CPU
		{F42DD6D7-F4B0-4627-B999-D72FDCBB3660}.Debug|Any CPU.Build.0 = Debug|Any CPU
		{F42DD6D7-F4B0-4627-B999-D72FDCBB3660}.Release|Any CPU.ActiveCfg = Release|Any CPU
		{F42DD6D7-F4B0-4627-B999-D72FDCBB3660}.Release|Any CPU.Build.0 = Release|Any CPU
		{5B317E38-54C2-44E4-AE45-BE803E3B1837}.Debug|Any CPU.ActiveCfg = Debug|Any CPU
		{5B317E38-54C2-44E4-AE45-BE803E3B1837}.Debug|Any CPU.Build.0 = Debug|Any CPU
		{5B317E38-54C2-44E4-AE45-BE803E3B1837}.Release|Any CPU.ActiveCfg = Release|Any CPU
		{5B317E38-54C2-44E4-AE45-BE803E3B1837}.Release|Any CPU.Build.0 = Release|Any CPU
		{0AD0FD4C-3DAF-4CD4-8444-28E9BF4B9EBB}.Debug|Any CPU.ActiveCfg = Debug|Any CPU
		{0AD0FD4C-3DAF-4CD4-8444-28E9BF4B9EBB}.Debug|Any CPU.Build.0 = Debug|Any CPU
		{0AD0FD4C-3DAF-4CD4-8444-28E9BF4B9EBB}.Release|Any CPU.ActiveCfg = Release|Any CPU
		{0AD0FD4C-3DAF-4CD4-8444-28E9BF4B9EBB}.Release|Any CPU.Build.0 = Release|Any CPU
	EndGlobalSection
	GlobalSection(SolutionProperties) = preSolution
		HideSolutionNode = FALSE
	EndGlobalSection
	GlobalSection(ExtensibilityGlobals) = postSolution
		SolutionGuid = {EDC67A16-936D-43BF-A358-C24EE2FA2510}
	EndGlobalSection
EndGlobal
